# THIS IS AN AUTOGENERATED FILE. DO NOT EDIT THIS FILE DIRECTLY.
# yarn lockfile v1


"@types/chrome@^0.1.33":
  version "0.1.33"
  resolved "https://registry.yarnpkg.com/@types/chrome/-/chrome-0.1.33.tgz#951b6b00ba25b8378601ec4d682c48b9e15f610a"
  integrity sha512-hSwcseKjWilz8bq93kLyIfSTvFLypRbO5iRhSXdJyVFFMV9aeqIjisBI6P/0J5+FiIKMo2NejyhHXfQLN0c0tQ==
  dependencies:
    "@types/filesystem" "*"
    "@types/har-format" "*"

"@types/filesystem@*":
  version "0.0.35"
  resolved "https://registry.npmjs.org/@types/filesystem/-/filesystem-0.0.35.tgz"
  integrity sha512-1eKvCaIBdrD2mmMgy5dwh564rVvfEhZTWVQQGRNn0Nt4ZEnJ0C8oSUCzvMKRA4lGde5oEVo+q2MrTTbV/GHDCQ==
  dependencies:
    "@types/filewriter" "*"

"@types/filewriter@*":
  version "0.0.33"
  resolved "https://registry.npmjs.org/@types/filewriter/-/filewriter-0.0.33.tgz"
  integrity sha512-xFU8ZXTw4gd358lb2jw25nxY9QAgqn2+bKKjKOYfNCzN4DKCFetK7sPtrlpg66Ywe3vWY9FNxprZawAh9wfJ3g==

"@types/har-format@*":
  version "1.2.15"
  resolved "https://registry.npmjs.org/@types/har-format/-/har-format-1.2.15.tgz"
  integrity sha512-RpQH4rXLuvTXKR0zqHq3go0RVXYv/YVqv4TnPH95VbwUxZdQlK1EtcMvQvMpDngHbt13Csh9Z4qT9AbkiQH5BA==

"@types/node@^25.0.6":
  version "25.0.6"
  resolved "https://registry.yarnpkg.com/@types/node/-/node-25.0.6.tgz#5ca3c46f2b256b59128f433426e42d464765dab1"
  integrity sha512-NNu0sjyNxpoiW3YuVFfNz7mxSQ+S4X2G28uqg2s+CzoqoQjLPsWSbsFFyztIAqt2vb8kfEAsJNepMGPTxFDx3Q==
  dependencies:
    undici-types "~7.16.0"

typescript@^5.9.3:
  version "5.9.3"
  resolved "https://registry.yarnpkg.com/typescript/-/typescript-5.9.3.tgz#5b4f59e15310ab17a216f5d6cf53ee476ede670f"
  integrity sha512-jl1vZzPDinLr9eUt3J/t7V6FgNEw9QjvBPdysz9KfQDD41fQrC2Y4vKQdiaUpFT4bXlb1RHhLpp8wtm6M5TgSw==

undici-types@~7.16.0:
  version "7.16.0"
  resolved "https://registry.yarnpkg.com/undici-types/-/undici-types-7.16.0.tgz#ffccdff36aea4884cbfce9a750a0580224f58a46"
  integrity sha512-Zz+aZWSj8LE6zoxD+xrjh4VfkIG8Ya6LvYkZqtUQGJPZjYl53ypCaUwWqo7eI0x66KBGeRo+mlBEkMSeSZ38Nw==
